
Microsoft Visual Studio Solution File, Format Version 12.00
# Visual Studio 15
VisualStudioVersion = 15.0.28307.421
MinimumVisualStudioVersion = 10.0.40219.1
Project("{FAE04EC0-301F-11D3-BF4B-00C04F79EFBC}") = "HoopRun.Android", "HoopRun\HoopRun.Android\HoopRun.Android.csproj", "{E1741A7E-8A3A-4BBC-AFC0-E48C88A992A4}"
EndProject
Project("{FAE04EC0-301F-11D3-BF4B-00C04F79EFBC}") = "HoopRun.iOS", "HoopRun\HoopRun.iOS\HoopRun.iOS.csproj", "{94652B89-BCF0-4859-BD4B-4D01038F7F5E}"
EndProject
Project("{FAE04EC0-301F-11D3-BF4B-00C04F79EFBC}") = "HoopRun", "HoopRun\HoopRun\HoopRun.csproj", "{10457A70-0741-4F17-8FFF-2870D325E307}"
EndProject
Global
	GlobalSection(SolutionConfigurationPlatforms) = preSolution
		Ad-Hoc|Any CPU = Ad-Hoc|Any CPU
		Ad-Hoc|iPhone = Ad-Hoc|iPhone
		Ad-Hoc|iPhoneSimulator = Ad-Hoc|iPhoneSimulator
		AppStore|Any CPU = AppStore|Any CPU
		AppStore|iPhone = AppStore|iPhone
		AppStore|iPhoneSimulator = AppStore|iPhoneSimulator
		Debug|Any CPU = Debug|Any CPU
		Debug|iPhone = Debug|iPhone
		Debug|iPhoneSimulator = Debug|iPhoneSimulator
		Release|Any CPU = Release|Any CPU
		Release|iPhone = Release|iPhone
		Release|iPhoneSimulator = Release|iPhoneSimulator
	EndGlobalSection
	GlobalSection(ProjectConfigurationPlatforms) = postSolution
		{E1741A7E-8A3A-4BBC-AFC0-E48C88A992A4}.Ad-Hoc|Any CPU.ActiveCfg = Release|Any CPU
		{E1741A7E-8A3A-4BBC-AFC0-E48C88A992A4}.Ad-Hoc|Any CPU.Build.0 = Release|Any CPU
		{E1741A7E-8A3A-4BBC-AFC0-E48C88A992A4}.Ad-Hoc|Any CPU.Deploy.0 = Release|Any CPU
		{E1741A7E-8A3A-4BBC-AFC0-E48C88A992A4}.Ad-Hoc|iPhone.ActiveCfg = Release|Any CPU
		{E1741A7E-8A3A-4BBC-AFC0-E48C88A992A4}.Ad-Hoc|iPhone.Build.0 = Release|Any CPU
		{E1741A7E-8A3A-4BBC-AFC0-E48C88A992A4}.Ad-Hoc|iPhone.Deploy.0 = Release|Any CPU
		{E1741A7E-8A3A-4BBC-AFC0-E48C88A992A4}.Ad-Hoc|iPhoneSimulator.ActiveCfg = Release|Any CPU
		{E1741A7E-8A3A-4BBC-AFC0-E48C88A992A4}.Ad-Hoc|iPhoneSimulator.Build.0 = Release|Any CPU
		{E1741A7E-8A3A-4BBC-AFC0-E48C88A992A4}.Ad-Hoc|iPhoneSimulator.Deploy.0 = Release|Any CPU
		{E1741A7E-8A3A-4BBC-AFC0-E48C88A992A4}.AppStore|Any CPU.ActiveCfg = Release|Any CPU
		{E1741A7E-8A3A-4BBC-AFC0-E48C88A992A4}.AppStore|Any CPU.Build.0 = Release|Any CPU
		{E1741A7E-8A3A-4BBC-AFC0-E48C88A992A4}.AppStore|Any CPU.Deploy.0 = Release|Any CPU
		{E1741A7E-8A3A-4BBC-AFC0-E48C88A992A4}.AppStore|iPhone.ActiveCfg = Release|Any CPU
		{E1741A7E-8A3A-4BBC-AFC0-E48C88A992A4}.AppStore|iPhone.Build.0 = Release|Any CPU
		{E1741A7E-8A3A-4BBC-AFC0-E48C88A992A4}.AppStore|iPhone.Deploy.0 = Release|Any CPU
		{E1741A7E-8A3A-4BBC-AFC0-E48C88A992A4}.AppStore|iPhoneSimulator.ActiveCfg = Release|Any CPU
		{E1741A7E-8A3A-4BBC-AFC0-E48C88A992A4}.AppStore|iPhoneSimulator.Build.0 = Release|Any CPU
		{E1741A7E-8A3A-4BBC-AFC0-E48C88A992A4}.AppStore|iPhoneSimulator.Deploy.0 = Release|Any CPU
		{E1741A7E-8A3A-4BBC-AFC0-E48C88A992A4}.Debug|Any CPU.ActiveCfg = Debug|Any CPU
		{E1741A7E-8A3A-4BBC-AFC0-E48C88A992A4}.Debug|Any CPU.Build.0 = Debug|Any CPU
		{E1741A7E-8A3A-4BBC-AFC0-E48C88A992A4}.Debug|Any CPU.Deploy.0 = Debug|Any CPU
		{E1741A7E-8A3A-4BBC-AFC0-E48C88A992A4}.Debug|iPhone.ActiveCfg = Debug|Any CPU
		{E1741A7E-8A3A-4BBC-AFC0-E48C88A992A4}.Debug|iPhone.Build.0 = Debug|Any CPU
		{E1741A7E-8A3A-4BBC-AFC0-E48C88A992A4}.Debug|iPhone.Deploy.0 = Debug|Any CPU
		{E1741A7E-8A3A-4BBC-AFC0-E48C88A992A4}.Debug|iPhoneSimulator.ActiveCfg = Debug|Any CPU
		{E1741A7E-8A3A-4BBC-AFC0-E48C88A992A4}.Debug|iPhoneSimulator.Build.0 = Debug|Any CPU
		{E1741A7E-8A3A-4BBC-AFC0-E48C88A992A4}.Debug|iPhoneSimulator.Deploy.0 = Debug|Any CPU
		{E1741A7E-8A3A-4BBC-AFC0-E48C88A992A4}.Release|Any CPU.ActiveCfg = Release|Any CPU
		{E1741A7E-8A3A-4BBC-AFC0-E48C88A992A4}.Release|Any CPU.Build.0 = Release|Any CPU
		{E1741A7E-8A3A-4BBC-AFC0-E48C88A992A4}.Release|Any CPU.Deploy.0 = Release|Any CPU
		{E1741A7E-8A3A-4BBC-AFC0-E48C88A992A4}.Release|iPhone.ActiveCfg = Release|Any CPU
		{E1741A7E-8A3A-4BBC-AFC0-E48C88A992A4}.Release|iPhone.Build.0 = Release|Any CPU
		{E1741A7E-8A3A-4BBC-AFC0-E48C88A992A4}.Release|iPhone.Deploy.0 = Release|Any CPU
		{E1741A7E-8A3A-4BBC-AFC0-E48C88A992A4}.Release|iPhoneSimulator.ActiveCfg = Release|Any CPU
		{E1741A7E-8A3A-4BBC-AFC0-E48C88A992A4}.Release|iPhoneSimulator.Build.0 = Release|Any CPU
		{E1741A7E-8A3A-4BBC-AFC0-E48C88A992A4}.Release|iPhoneSimulator.Deploy.0 = Release|Any CPU
		{94652B89-BCF0-4859-BD4B-4D01038F7F5E}.Ad-Hoc|Any CPU.ActiveCfg = Ad-Hoc|iPhone
		{94652B89-BCF0-4859-BD4B-4D01038F7F5E}.Ad-Hoc|Any CPU.Build.0 = Ad-Hoc|iPhone
		{94652B89-BCF0-4859-BD4B-4D01038F7F5E}.Ad-Hoc|Any CPU.Deploy.0 = Ad-Hoc|iPhone
		{94652B89-BCF0-4859-BD4B-4D01038F7F5E}.Ad-Hoc|iPhone.ActiveCfg = Ad-Hoc|iPhone
		{94652B89-BCF0-4859-BD4B-4D01038F7F5E}.Ad-Hoc|iPhone.Build.0 = Ad-Hoc|iPhone
		{94652B89-BCF0-4859-BD4B-4D01038F7F5E}.Ad-Hoc|iPhone.Deploy.0 = Ad-Hoc|iPhone
		{94652B89-BCF0-4859-BD4B-4D01038F7F5E}.Ad-Hoc|iPhoneSimulator.ActiveCfg = Ad-Hoc|iPhoneSimulator
		{94652B89-BCF0-4859-BD4B-4D01038F7F5E}.Ad-Hoc|iPhoneSimulator.Build.0 = Ad-Hoc|iPhoneSimulator
		{94652B89-BCF0-4859-BD4B-4D01038F7F5E}.Ad-Hoc|iPhoneSimulator.Deploy.0 = Ad-Hoc|iPhoneSimulator
		{94652B89-BCF0-4859-BD4B-4D01038F7F5E}.AppStore|Any CPU.ActiveCfg = AppStore|iPhone
		{94652B89-BCF0-4859-BD4B-4D01038F7F5E}.AppStore|Any CPU.Build.0 = AppStore|iPhone
		{94652B89-BCF0-4859-BD4B-4D01038F7F5E}.AppStore|Any CPU.Deploy.0 = AppStore|iPhone
		{94652B89-BCF0-4859-BD4B-4D01038F7F5E}.AppStore|iPhone.ActiveCfg = AppStore|iPhone
		{94652B89-BCF0-4859-BD4B-4D01038F7F5E}.AppStore|iPhone.Build.0 = AppStore|iPhone
		{94652B89-BCF0-4859-BD4B-4D01038F7F5E}.AppStore|iPhone.Deploy.0 = AppStore|iPhone
		{94652B89-BCF0-4859-BD4B-4D01038F7F5E}.AppStore|iPhoneSimulator.ActiveCfg = AppStore|iPhoneSimulator
		{94652B89-BCF0-4859-BD4B-4D01038F7F5E}.AppStore|iPhoneSimulator.Build.0 = AppStore|iPhoneSimulator
		{94652B89-BCF0-4859-BD4B-4D01038F7F5E}.AppStore|iPhoneSimulator.Deploy.0 = AppStore|iPhoneSimulator
		{94652B89-BCF0-4859-BD4B-4D01038F7F5E}.Debug|Any CPU.ActiveCfg = Debug|iPhoneSimulator
		{94652B89-BCF0-4859-BD4B-4D01038F7F5E}.Debug|Any CPU.Build.0 = Debug|iPhoneSimulator
		{94652B89-BCF0-4859-BD4B-4D01038F7F5E}.Debug|Any CPU.Deploy.0 = Debug|iPhoneSimulator
		{94652B89-BCF0-4859-BD4B-4D01038F7F5E}.Debug|iPhone.ActiveCfg = Debug|iPhone
		{94652B89-BCF0-4859-BD4B-4D01038F7F5E}.Debug|iPhone.Build.0 = Debug|iPhone
		{94652B89-BCF0-4859-BD4B-4D01038F7F5E}.Debug|iPhone.Deploy.0 = Debug|iPhone
		{94652B89-BCF0-4859-BD4B-4D01038F7F5E}.Debug|iPhoneSimulator.ActiveCfg = Debug|iPhoneSimulator
		{94652B89-BCF0-4859-BD4B-4D01038F7F5E}.Debug|iPhoneSimulator.Build.0 = Debug|iPhoneSimulator
		{94652B89-BCF0-4859-BD4B-4D01038F7F5E}.Debug|iPhoneSimulator.Deploy.0 = Debug|iPhoneSimulator
		{94652B89-BCF0-4859-BD4B-4D01038F7F5E}.Release|Any CPU.ActiveCfg = Release|iPhone
		{94652B89-BCF0-4859-BD4B-4D01038F7F5E}.Release|Any CPU.Build.0 = Release|iPhone
		{94652B89-BCF0-4859-BD4B-4D01038F7F5E}.Release|Any CPU.Deploy.0 = Release|iPhone
		{94652B89-BCF0-4859-BD4B-4D01038F7F5E}.Release|iPhone.ActiveCfg = Release|iPhone
		{94652B89-BCF0-4859-BD4B-4D01038F7F5E}.Release|iPhone.Build.0 = Release|iPhone
		{94652B89-BCF0-4859-BD4B-4D01038F7F5E}.Release|iPhone.Deploy.0 = Release|iPhone
		{94652B89-BCF0-4859-BD4B-4D01038F7F5E}.Release|iPhoneSimulator.ActiveCfg = Release|iPhoneSimulator
		{94652B89-BCF0-4859-BD4B-4D01038F7F5E}.Release|iPhoneSimulator.Build.0 = Release|iPhoneSimulator
		{94652B89-BCF0-4859-BD4B-4D01038F7F5E}.Release|iPhoneSimulator.Deploy.0 = Release|iPhoneSimulator
		{10457A70-0741-4F17-8FFF-2870D325E307}.Ad-Hoc|Any CPU.ActiveCfg = Debug|Any CPU
		{10457A70-0741-4F17-8FFF-2870D325E307}.Ad-Hoc|Any CPU.Build.0 = Debug|Any CPU
		{10457A70-0741-4F17-8FFF-2870D325E307}.Ad-Hoc|Any CPU.Deploy.0 = Debug|Any CPU
		{10457A70-0741-4F17-8FFF-2870D325E307}.Ad-Hoc|iPhone.ActiveCfg = Debug|Any CPU
		{10457A70-0741-4F17-8FFF-2870D325E307}.Ad-Hoc|iPhone.Build.0 = Debug|Any CPU
		{10457A70-0741-4F17-8FFF-2870D325E307}.Ad-Hoc|iPhone.Deploy.0 = Debug|Any CPU
		{10457A70-0741-4F17-8FFF-2870D325E307}.Ad-Hoc|iPhoneSimulator.ActiveCfg = Debug|Any CPU
		{10457A70-0741-4F17-8FFF-2870D325E307}.Ad-Hoc|iPhoneSimulator.Build.0 = Debug|Any CPU
		{10457A70-0741-4F17-8FFF-2870D325E307}.Ad-Hoc|iPhoneSimulator.Deploy.0 = Debug|Any CPU
		{10457A70-0741-4F17-8FFF-2870D325E307}.AppStore|Any CPU.ActiveCfg = Debug|Any CPU
		{10457A70-0741-4F17-8FFF-2870D325E307}.AppStore|Any CPU.Build.0 = Debug|Any CPU
		{10457A70-0741-4F17-8FFF-2870D325E307}.AppStore|Any CPU.Deploy.0 = Debug|Any CPU
		{10457A70-0741-4F17-8FFF-2870D325E307}.AppStore|iPhone.ActiveCfg = Debug|Any CPU
		{10457A70-0741-4F17-8FFF-2870D325E307}.AppStore|iPhone.Build.0 = Debug|Any CPU
		{10457A70-0741-4F17-8FFF-2870D325E307}.AppStore|iPhone.Deploy.0 = Debug|Any CPU
		{10457A70-0741-4F17-8FFF-2870D325E307}.AppStore|iPhoneSimulator.ActiveCfg = Debug|Any CPU
		{10457A70-0741-4F17-8FFF-2870D325E307}.AppStore|iPhoneSimulator.Build.0 = Debug|Any CPU
		{10457A70-0741-4F17-8FFF-2870D325E307}.AppStore|iPhoneSimulator.Deploy.0 = Debug|Any CPU
		{10457A70-0741-4F17-8FFF-2870D325E307}.Debug|Any CPU.ActiveCfg = Debug|Any CPU
		{10457A70-0741-4F17-8FFF-2870D325E307}.Debug|Any CPU.Build.0 = Debug|Any CPU
		{10457A70-0741-4F17-8FFF-2870D325E307}.Debug|Any CPU.Deploy.0 = Debug|Any CPU
		{10457A70-0741-4F17-8FFF-2870D325E307}.Debug|iPhone.ActiveCfg = Debug|Any CPU
		{10457A70-0741-4F17-8FFF-2870D325E307}.Debug|iPhone.Build.0 = Debug|Any CPU
		{10457A70-0741-4F17-8FFF-2870D325E307}.Debug|iPhone.Deploy.0 = Debug|Any CPU
		{10457A70-0741-4F17-8FFF-2870D325E307}.Debug|iPhoneSimulator.ActiveCfg = Debug|Any CPU
		{10457A70-0741-4F17-8FFF-2870D325E307}.Debug|iPhoneSimulator.Build.0 = Debug|Any CPU
		{10457A70-0741-4F17-8FFF-2870D325E307}.Debug|iPhoneSimulator.Deploy.0 = Debug|Any CPU
		{10457A70-0741-4F17-8FFF-2870D325E307}.Release|Any CPU.ActiveCfg = Release|Any CPU
		{10457A70-0741-4F17-8FFF-2870D325E307}.Release|Any CPU.Build.0 = Release|Any CPU
		{10457A70-0741-4F17-8FFF-2870D325E307}.Release|Any CPU.Deploy.0 = Release|Any CPU
		{10457A70-0741-4F17-8FFF-2870D325E307}.Release|iPhone.ActiveCfg = Release|Any CPU
		{10457A70-0741-4F17-8FFF-2870D325E307}.Release|iPhone.Build.0 = Release|Any CPU
		{10457A70-0741-4F17-8FFF-2870D325E307}.Release|iPhone.Deploy.0 = Release|Any CPU
		{10457A70-0741-4F17-8FFF-2870D325E307}.Release|iPhoneSimulator.ActiveCfg = Release|Any CPU
		{10457A70-0741-4F17-8FFF-2870D325E307}.Release|iPhoneSimulator.Build.0 = Release|Any CPU
		{10457A70-0741-4F17-8FFF-2870D325E307}.Release|iPhoneSimulator.Deploy.0 = Release|Any CPU
	EndGlobalSection
	GlobalSection(SolutionProperties) = preSolution
		HideSolutionNode = FALSE
	EndGlobalSection
	GlobalSection(ExtensibilityGlobals) = postSolution
		SolutionGuid = {00D6B0D0-CA4C-4B9F-83F1-310AA199803F}
	EndGlobalSection
EndGlobal
